
Microsoft Visual Studio Solution File, Format Version 12.00
# Visual Studio 15
VisualStudioVersion = 15.0.28307.329
MinimumVisualStudioVersion = 10.0.40219.1
Project("{FAE04EC0-301F-11D3-BF4B-00C04F79EFBC}") = "TradeEmulatorMVC", "TradeEmulatorMVC\TradeEmulatorMVC.csproj", "{E33C446E-6E9C-455D-8FE2-8049DA58A512}"
EndProject
Global
	GlobalSection(SolutionConfigurationPlatforms) = preSolution
		Debug|Any CPU = Debug|Any CPU
		Release|Any CPU = Release|Any CPU
	EndGlobalSection
	GlobalSection(ProjectConfigurationPlatforms) = postSolution
		{E33C446E-6E9C-455D-8FE2-8049DA58A512}.Debug|Any CPU.ActiveCfg = Debug|Any CPU
		{E33C446E-6E9C-455D-8FE2-8049DA58A512}.Debug|Any CPU.Build.0 = Debug|Any CPU
		{E33C446E-6E9C-455D-8FE2-8049DA58A512}.Release|Any CPU.ActiveCfg = Release|Any CPU
		{E33C446E-6E9C-455D-8FE2-8049DA58A512}.Release|Any CPU.Build.0 = Release|Any CPU
	EndGlobalSection
	GlobalSection(SolutionProperties) = preSolution
		HideSolutionNode = FALSE
	EndGlobalSection
	GlobalSection(ExtensibilityGlobals) = postSolution
		SolutionGuid = {0D59D638-DD21-4337-941C-6556638F1A68}
	EndGlobalSection
EndGlobal
